
Microsoft Visual Studio Solution File, Format Version 12.00
# Visual Studio Version 16
VisualStudioVersion = 16.0.31205.134
MinimumVisualStudioVersion = 10.0.40219.1
Project("{9A19103F-16F7-4668-BE54-9A1E7A4F7556}") = "AdeptusMechanicusXenobiologisFauna", "40kFauna\AdeptusMechanicusXenobiologisFauna.csproj", "{72D98C7A-C8BA-4BC3-B80F-3181416A5BD7}"
EndProject
Global
	GlobalSection(SolutionConfigurationPlatforms) = preSolution
		Debug|Any CPU = Debug|Any CPU
		Release|Any CPU = Release|Any CPU
	EndGlobalSection
	GlobalSection(ProjectConfigurationPlatforms) = postSolution
		{72D98C7A-C8BA-4BC3-B80F-3181416A5BD7}.Debug|Any CPU.ActiveCfg = Debug|Any CPU
		{72D98C7A-C8BA-4BC3-B80F-3181416A5BD7}.Debug|Any CPU.Build.0 = Debug|Any CPU
		{72D98C7A-C8BA-4BC3-B80F-3181416A5BD7}.Release|Any CPU.ActiveCfg = Release|Any CPU
		{72D98C7A-C8BA-4BC3-B80F-3181416A5BD7}.Release|Any CPU.Build.0 = Release|Any CPU
	EndGlobalSection
	GlobalSection(SolutionProperties) = preSolution
		HideSolutionNode = FALSE
	EndGlobalSection
	GlobalSection(ExtensibilityGlobals) = postSolution
		SolutionGuid = {ED0F26A2-3340-4D21-B930-FB6C11BB9875}
	EndGlobalSection
EndGlobal
